
Microsoft Visual Studio Solution File, Format Version 12.00
# Visual Studio Version 16
VisualStudioVersion = 16.0.31911.196
MinimumVisualStudioVersion = 15.0.26124.0
Project("{9A19103F-16F7-4668-BE54-9A1E7A4F7556}") = "Orbital+", "OrbitalPlus\Orbital+.csproj", "{0D3C9C07-8158-4653-AE78-E2A46DD6044E}"
EndProject
Global
	GlobalSection(SolutionConfigurationPlatforms) = preSolution
		Debug|Any CPU = Debug|Any CPU
		Debug|x64 = Debug|x64
		Debug|x86 = Debug|x86
		Release|Any CPU = Release|Any CPU
		Release|x64 = Release|x64
		Release|x86 = Release|x86
	EndGlobalSection
	GlobalSection(ProjectConfigurationPlatforms) = postSolution
		{0D3C9C07-8158-4653-AE78-E2A46DD6044E}.Debug|Any CPU.ActiveCfg = Debug|Any CPU
		{0D3C9C07-8158-4653-AE78-E2A46DD6044E}.Debug|Any CPU.Build.0 = Debug|Any CPU
		{0D3C9C07-8158-4653-AE78-E2A46DD6044E}.Debug|x64.ActiveCfg = Debug|Any CPU
		{0D3C9C07-8158-4653-AE78-E2A46DD6044E}.Debug|x64.Build.0 = Debug|Any CPU
		{0D3C9C07-8158-4653-AE78-E2A46DD6044E}.Debug|x86.ActiveCfg = Debug|Any CPU
		{0D3C9C07-8158-4653-AE78-E2A46DD6044E}.Debug|x86.Build.0 = Debug|Any CPU
		{0D3C9C07-8158-4653-AE78-E2A46DD6044E}.Release|Any CPU.ActiveCfg = Release|Any CPU
		{0D3C9C07-8158-4653-AE78-E2A46DD6044E}.Release|Any CPU.Build.0 = Release|Any CPU
		{0D3C9C07-8158-4653-AE78-E2A46DD6044E}.Release|x64.ActiveCfg = Release|Any CPU
		{0D3C9C07-8158-4653-AE78-E2A46DD6044E}.Release|x64.Build.0 = Release|Any CPU
		{0D3C9C07-8158-4653-AE78-E2A46DD6044E}.Release|x86.ActiveCfg = Release|Any CPU
		{0D3C9C07-8158-4653-AE78-E2A46DD6044E}.Release|x86.Build.0 = Release|Any CPU
	EndGlobalSection
	GlobalSection(SolutionProperties) = preSolution
		HideSolutionNode = FALSE
	EndGlobalSection
	GlobalSection(ExtensibilityGlobals) = postSolution
		SolutionGuid = {7908FDD6-390F-4FF1-ADEE-8D822F32E2EE}
	EndGlobalSection
EndGlobal
